
Microsoft Visual Studio Solution File, Format Version 12.00
# Visual Studio 15
VisualStudioVersion = 15.0.28307.329
MinimumVisualStudioVersion = 10.0.40219.1
Project("{262852C6-CD72-467D-83FE-5EEB1973A190}") = "FrameworkSevenTest", "FrameworkSevenTest\FrameworkSevenTest.jsproj", "{E7601AAF-ED62-4B48-A14B-E3942C5B6782}"
EndProject
Global
	GlobalSection(SolutionConfigurationPlatforms) = preSolution
		Debug|Android = Debug|Android
		Debug|iOS = Debug|iOS
		Debug|Windows-ARM = Debug|Windows-ARM
		Debug|Windows-x64 = Debug|Windows-x64
		Debug|Windows-x86 = Debug|Windows-x86
		Release|Android = Release|Android
		Release|iOS = Release|iOS
		Release|Windows-ARM = Release|Windows-ARM
		Release|Windows-x64 = Release|Windows-x64
		Release|Windows-x86 = Release|Windows-x86
	EndGlobalSection
	GlobalSection(ProjectConfigurationPlatforms) = postSolution
		{E7601AAF-ED62-4B48-A14B-E3942C5B6782}.Debug|Android.ActiveCfg = Debug|Android
		{E7601AAF-ED62-4B48-A14B-E3942C5B6782}.Debug|Android.Build.0 = Debug|Android
		{E7601AAF-ED62-4B48-A14B-E3942C5B6782}.Debug|Android.Deploy.0 = Debug|Android
		{E7601AAF-ED62-4B48-A14B-E3942C5B6782}.Debug|iOS.ActiveCfg = Debug|iOS
		{E7601AAF-ED62-4B48-A14B-E3942C5B6782}.Debug|iOS.Build.0 = Debug|iOS
		{E7601AAF-ED62-4B48-A14B-E3942C5B6782}.Debug|iOS.Deploy.0 = Debug|iOS
		{E7601AAF-ED62-4B48-A14B-E3942C5B6782}.Debug|Windows-ARM.ActiveCfg = Debug|Windows-ARM
		{E7601AAF-ED62-4B48-A14B-E3942C5B6782}.Debug|Windows-ARM.Build.0 = Debug|Windows-ARM
		{E7601AAF-ED62-4B48-A14B-E3942C5B6782}.Debug|Windows-ARM.Deploy.0 = Debug|Windows-ARM
		{E7601AAF-ED62-4B48-A14B-E3942C5B6782}.Debug|Windows-x64.ActiveCfg = Debug|Windows-x64
		{E7601AAF-ED62-4B48-A14B-E3942C5B6782}.Debug|Windows-x64.Build.0 = Debug|Windows-x64
		{E7601AAF-ED62-4B48-A14B-E3942C5B6782}.Debug|Windows-x64.Deploy.0 = Debug|Windows-x64
		{E7601AAF-ED62-4B48-A14B-E3942C5B6782}.Debug|Windows-x86.ActiveCfg = Debug|Windows-x86
		{E7601AAF-ED62-4B48-A14B-E3942C5B6782}.Debug|Windows-x86.Build.0 = Debug|Windows-x86
		{E7601AAF-ED62-4B48-A14B-E3942C5B6782}.Debug|Windows-x86.Deploy.0 = Debug|Windows-x86
		{E7601AAF-ED62-4B48-A14B-E3942C5B6782}.Release|Android.ActiveCfg = Release|Android
		{E7601AAF-ED62-4B48-A14B-E3942C5B6782}.Release|Android.Build.0 = Release|Android
		{E7601AAF-ED62-4B48-A14B-E3942C5B6782}.Release|Android.Deploy.0 = Release|Android
		{E7601AAF-ED62-4B48-A14B-E3942C5B6782}.Release|iOS.ActiveCfg = Release|iOS
		{E7601AAF-ED62-4B48-A14B-E3942C5B6782}.Release|iOS.Build.0 = Release|iOS
		{E7601AAF-ED62-4B48-A14B-E3942C5B6782}.Release|iOS.Deploy.0 = Release|iOS
		{E7601AAF-ED62-4B48-A14B-E3942C5B6782}.Release|Windows-ARM.ActiveCfg = Release|Windows-ARM
		{E7601AAF-ED62-4B48-A14B-E3942C5B6782}.Release|Windows-ARM.Build.0 = Release|Windows-ARM
		{E7601AAF-ED62-4B48-A14B-E3942C5B6782}.Release|Windows-ARM.Deploy.0 = Release|Windows-ARM
		{E7601AAF-ED62-4B48-A14B-E3942C5B6782}.Release|Windows-x64.ActiveCfg = Release|Windows-x64
		{E7601AAF-ED62-4B48-A14B-E3942C5B6782}.Release|Windows-x64.Build.0 = Release|Windows-x64
		{E7601AAF-ED62-4B48-A14B-E3942C5B6782}.Release|Windows-x64.Deploy.0 = Release|Windows-x64
		{E7601AAF-ED62-4B48-A14B-E3942C5B6782}.Release|Windows-x86.ActiveCfg = Release|Windows-x86
		{E7601AAF-ED62-4B48-A14B-E3942C5B6782}.Release|Windows-x86.Build.0 = Release|Windows-x86
		{E7601AAF-ED62-4B48-A14B-E3942C5B6782}.Release|Windows-x86.Deploy.0 = Release|Windows-x86
	EndGlobalSection
	GlobalSection(SolutionProperties) = preSolution
		HideSolutionNode = FALSE
	EndGlobalSection
	GlobalSection(ExtensibilityGlobals) = postSolution
		SolutionGuid = {7DD8A2A1-ACCA-4EB6-9E4B-847F0C6C1C24}
	EndGlobalSection
EndGlobal
